
Microsoft Visual Studio Solution File, Format Version 12.00
# Visual Studio Version 16
VisualStudioVersion = 16.0.30907.101
MinimumVisualStudioVersion = 10.0.40219.1
Project("{9A19103F-16F7-4668-BE54-9A1E7A4F7556}") = "Matrix Software Task", "Matrix Software Task\Matrix Software Task.csproj", "{106523DD-58AF-4479-B682-CCEA04F3354F}"
EndProject
Project("{2150E333-8FDC-42A3-9474-1A3956D46DE8}") = "Solution Items", "Solution Items", "{1DF3A385-B3DC-4B04-9FB7-EBA78AEC14E9}"
EndProject
Project("{FAE04EC0-301F-11D3-BF4B-00C04F79EFBC}") = "Matrix Software Task Tests", "Matrix Software Task Tests\Matrix Software Task Tests.csproj", "{15DE0969-B11A-46E6-B6FD-41D724C95842}"
EndProject
Global
	GlobalSection(SolutionConfigurationPlatforms) = preSolution
		Debug|Any CPU = Debug|Any CPU
		Release|Any CPU = Release|Any CPU
	EndGlobalSection
	GlobalSection(ProjectConfigurationPlatforms) = postSolution
		{106523DD-58AF-4479-B682-CCEA04F3354F}.Debug|Any CPU.ActiveCfg = Debug|Any CPU
		{106523DD-58AF-4479-B682-CCEA04F3354F}.Debug|Any CPU.Build.0 = Debug|Any CPU
		{106523DD-58AF-4479-B682-CCEA04F3354F}.Release|Any CPU.ActiveCfg = Release|Any CPU
		{106523DD-58AF-4479-B682-CCEA04F3354F}.Release|Any CPU.Build.0 = Release|Any CPU
		{15DE0969-B11A-46E6-B6FD-41D724C95842}.Debug|Any CPU.ActiveCfg = Debug|Any CPU
		{15DE0969-B11A-46E6-B6FD-41D724C95842}.Debug|Any CPU.Build.0 = Debug|Any CPU
		{15DE0969-B11A-46E6-B6FD-41D724C95842}.Release|Any CPU.ActiveCfg = Release|Any CPU
		{15DE0969-B11A-46E6-B6FD-41D724C95842}.Release|Any CPU.Build.0 = Release|Any CPU
	EndGlobalSection
	GlobalSection(SolutionProperties) = preSolution
		HideSolutionNode = FALSE
	EndGlobalSection
	GlobalSection(ExtensibilityGlobals) = postSolution
		SolutionGuid = {78FB12D0-5AD6-4ED3-9220-FD75599C92E8}
	EndGlobalSection
EndGlobal
